{
  "name": "aperio-agent-web-assets",
  "version": "0.1.0",
  "lockfileVersion": 3,
  "requires": true,
  "packages": {
    "": {
      "name": "aperio-agent-web-assets",
      "version": "0.1.0",
      "license": "MIT",
      "dependencies": {
        "lucide": "^1.23.0"
      }
    },
    "node_modules/lucide": {
      "version": "1.23.0",
      "resolved": "https://registry.npmmirror.com/lucide/-/lucide-1.23.0.tgz",
      "integrity": "sha512-TZD1WHh19ehJTi3wiwXUrTuCe9R7+9NKR8tgXZaQLT/0AbMCeuh5Mr7H1p/4iV3e930LKdpq8fk9kBeDrGkC7g==",
      "license": "ISC"
    }
  }
}
